
Microsoft Visual Studio Solution File, Format Version 12.00
# Visual Studio Version 17
VisualStudioVersion = 17.0.31903.59
MinimumVisualStudioVersion = 10.0.40219.1
Project("{2150E333-8FDC-42A3-9474-1A3956D46DE8}") = "src", "src", "{827E0CD3-B72D-47B6-A68D-7590B98EB39B}"
EndProject
Project("{FAE04EC0-301F-11D3-BF4B-00C04F79EFBC}") = "CoverLetter.Domain", "src\CoverLetter.Domain\CoverLetter.Domain.csproj", "{BB68A3F9-8459-4B62-A570-AA2F2B4A721E}"
EndProject
Project("{FAE04EC0-301F-11D3-BF4B-00C04F79EFBC}") = "CoverLetter.Application", "src\CoverLetter.Application\CoverLetter.Application.csproj", "{D87154C7-F861-4D3F-AED7-493682AA187B}"
EndProject
Project("{FAE04EC0-301F-11D3-BF4B-00C04F79EFBC}") = "CoverLetter.Infrastructure", "src\CoverLetter.Infrastructure\CoverLetter.Infrastructure.csproj", "{700B7085-5C4A-4167-B353-6CCAB8FDCE33}"
EndProject
Project("{FAE04EC0-301F-11D3-BF4B-00C04F79EFBC}") = "CoverLetter.Api", "src\CoverLetter.Api\CoverLetter.Api.csproj", "{6719FAA9-F371-4F58-A003-807B67698471}"
EndProject
Project("{2150E333-8FDC-42A3-9474-1A3956D46DE8}") = "tests", "tests", "{0AB3BF05-4346-4AA6-1389-037BE0695223}"
EndProject
Project("{FAE04EC0-301F-11D3-BF4B-00C04F79EFBC}") = "CoverLetter.Application.Tests", "tests\CoverLetter.Application.Tests\CoverLetter.Application.Tests.csproj", "{4CEE5319-8635-485E-8374-ADCCB6089EAB}"
EndProject
Global
	GlobalSection(SolutionConfigurationPlatforms) = preSolution
		Debug|Any CPU = Debug|Any CPU
		Debug|x64 = Debug|x64
		Debug|x86 = Debug|x86
		Release|Any CPU = Release|Any CPU
		Release|x64 = Release|x64
		Release|x86 = Release|x86
	EndGlobalSection
	GlobalSection(ProjectConfigurationPlatforms) = postSolution
		{BB68A3F9-8459-4B62-A570-AA2F2B4A721E}.Debug|Any CPU.ActiveCfg = Debug|Any CPU
		{BB68A3F9-8459-4B62-A570-AA2F2B4A721E}.Debug|Any CPU.Build.0 = Debug|Any CPU
		{BB68A3F9-8459-4B62-A570-AA2F2B4A721E}.Debug|x64.ActiveCfg = Debug|Any CPU
		{BB68A3F9-8459-4B62-A570-AA2F2B4A721E}.Debug|x64.Build.0 = Debug|Any CPU
		{BB68A3F9-8459-4B62-A570-AA2F2B4A721E}.Debug|x86.ActiveCfg = Debug|Any CPU
		{BB68A3F9-8459-4B62-A570-AA2F2B4A721E}.Debug|x86.Build.0 = Debug|Any CPU
		{BB68A3F9-8459-4B62-A570-AA2F2B4A721E}.Release|Any CPU.ActiveCfg = Release|Any CPU
		{BB68A3F9-8459-4B62-A570-AA2F2B4A721E}.Release|Any CPU.Build.0 = Release|Any CPU
		{BB68A3F9-8459-4B62-A570-AA2F2B4A721E}.Release|x64.ActiveCfg = Release|Any CPU
		{BB68A3F9-8459-4B62-A570-AA2F2B4A721E}.Release|x64.Build.0 = Release|Any CPU
		{BB68A3F9-8459-4B62-A570-AA2F2B4A721E}.Release|x86.ActiveCfg = Release|Any CPU
		{BB68A3F9-8459-4B62-A570-AA2F2B4A721E}.Release|x86.Build.0 = Release|Any CPU
		{D87154C7-F861-4D3F-AED7-493682AA187B}.Debug|Any CPU.ActiveCfg = Debug|Any CPU
		{D87154C7-F861-4D3F-AED7-493682AA187B}.Debug|Any CPU.Build.0 = Debug|Any CPU
		{D87154C7-F861-4D3F-AED7-493682AA187B}.Debug|x64.ActiveCfg = Debug|Any CPU
		{D87154C7-F861-4D3F-AED7-493682AA187B}.Debug|x64.Build.0 = Debug|Any CPU
		{D87154C7-F861-4D3F-AED7-493682AA187B}.Debug|x86.ActiveCfg = Debug|Any CPU
		{D87154C7-F861-4D3F-AED7-493682AA187B}.Debug|x86.Build.0 = Debug|Any CPU
		{D87154C7-F861-4D3F-AED7-493682AA187B}.Release|Any CPU.ActiveCfg = Release|Any CPU
		{D87154C7-F861-4D3F-AED7-493682AA187B}.Release|Any CPU.Build.0 = Release|Any CPU
		{D87154C7-F861-4D3F-AED7-493682AA187B}.Release|x64.ActiveCfg = Release|Any CPU
		{D87154C7-F861-4D3F-AED7-493682AA187B}.Release|x64.Build.0 = Release|Any CPU
		{D87154C7-F861-4D3F-AED7-493682AA187B}.Release|x86.ActiveCfg = Release|Any CPU
		{D87154C7-F861-4D3F-AED7-493682AA187B}.Release|x86.Build.0 = Release|Any CPU
		{700B7085-5C4A-4167-B353-6CCAB8FDCE33}.Debug|Any CPU.ActiveCfg = Debug|Any CPU
		{700B7085-5C4A-4167-B353-6CCAB8FDCE33}.Debug|Any CPU.Build.0 = Debug|Any CPU
		{700B7085-5C4A-4167-B353-6CCAB8FDCE33}.Debug|x64.ActiveCfg = Debug|Any CPU
		{700B7085-5C4A-4167-B353-6CCAB8FDCE33}.Debug|x64.Build.0 = Debug|Any CPU
		{700B7085-5C4A-4167-B353-6CCAB8FDCE33}.Debug|x86.ActiveCfg = Debug|Any CPU
		{700B7085-5C4A-4167-B353-6CCAB8FDCE33}.Debug|x86.Build.0 = Debug|Any CPU
		{700B7085-5C4A-4167-B353-6CCAB8FDCE33}.Release|Any CPU.ActiveCfg = Release|Any CPU
		{700B7085-5C4A-4167-B353-6CCAB8FDCE33}.Release|Any CPU.Build.0 = Release|Any CPU
		{700B7085-5C4A-4167-B353-6CCAB8FDCE33}.Release|x64.ActiveCfg = Release|Any CPU
		{700B7085-5C4A-4167-B353-6CCAB8FDCE33}.Release|x64.Build.0 = Release|Any CPU
		{700B7085-5C4A-4167-B353-6CCAB8FDCE33}.Release|x86.ActiveCfg = Release|Any CPU
		{700B7085-5C4A-4167-B353-6CCAB8FDCE33}.Release|x86.Build.0 = Release|Any CPU
		{6719FAA9-F371-4F58-A003-807B67698471}.Debug|Any CPU.ActiveCfg = Debug|Any CPU
		{6719FAA9-F371-4F58-A003-807B67698471}.Debug|Any CPU.Build.0 = Debug|Any CPU
		{6719FAA9-F371-4F58-A003-807B67698471}.Debug|x64.ActiveCfg = Debug|Any CPU
		{6719FAA9-F371-4F58-A003-807B67698471}.Debug|x64.Build.0 = Debug|Any CPU
		{6719FAA9-F371-4F58-A003-807B67698471}.Debug|x86.ActiveCfg = Debug|Any CPU
		{6719FAA9-F371-4F58-A003-807B67698471}.Debug|x86.Build.0 = Debug|Any CPU
		{6719FAA9-F371-4F58-A003-807B67698471}.Release|Any CPU.ActiveCfg = Release|Any CPU
		{6719FAA9-F371-4F58-A003-807B67698471}.Release|Any CPU.Build.0 = Release|Any CPU
		{6719FAA9-F371-4F58-A003-807B67698471}.Release|x64.ActiveCfg = Release|Any CPU
		{6719FAA9-F371-4F58-A003-807B67698471}.Release|x64.Build.0 = Release|Any CPU
		{6719FAA9-F371-4F58-A003-807B67698471}.Release|x86.ActiveCfg = Release|Any CPU
		{6719FAA9-F371-4F58-A003-807B67698471}.Release|x86.Build.0 = Release|Any CPU
		{4CEE5319-8635-485E-8374-ADCCB6089EAB}.Debug|Any CPU.ActiveCfg = Debug|Any CPU
		{4CEE5319-8635-485E-8374-ADCCB6089EAB}.Debug|Any CPU.Build.0 = Debug|Any CPU
		{4CEE5319-8635-485E-8374-ADCCB6089EAB}.Debug|x64.ActiveCfg = Debug|Any CPU
		{4CEE5319-8635-485E-8374-ADCCB6089EAB}.Debug|x64.Build.0 = Debug|Any CPU
		{4CEE5319-8635-485E-8374-ADCCB6089EAB}.Debug|x86.ActiveCfg = Debug|Any CPU
		{4CEE5319-8635-485E-8374-ADCCB6089EAB}.Debug|x86.Build.0 = Debug|Any CPU
		{4CEE5319-8635-485E-8374-ADCCB6089EAB}.Release|Any CPU.ActiveCfg = Release|Any CPU
		{4CEE5319-8635-485E-8374-ADCCB6089EAB}.Release|Any CPU.Build.0 = Release|Any CPU
		{4CEE5319-8635-485E-8374-ADCCB6089EAB}.Release|x64.ActiveCfg = Release|Any CPU
		{4CEE5319-8635-485E-8374-ADCCB6089EAB}.Release|x64.Build.0 = Release|Any CPU
		{4CEE5319-8635-485E-8374-ADCCB6089EAB}.Release|x86.ActiveCfg = Release|Any CPU
		{4CEE5319-8635-485E-8374-ADCCB6089EAB}.Release|x86.Build.0 = Release|Any CPU
	EndGlobalSection
	GlobalSection(SolutionProperties) = preSolution
		HideSolutionNode = FALSE
	EndGlobalSection
	GlobalSection(NestedProjects) = preSolution
		{BB68A3F9-8459-4B62-A570-AA2F2B4A721E} = {827E0CD3-B72D-47B6-A68D-7590B98EB39B}
		{D87154C7-F861-4D3F-AED7-493682AA187B} = {827E0CD3-B72D-47B6-A68D-7590B98EB39B}
		{700B7085-5C4A-4167-B353-6CCAB8FDCE33} = {827E0CD3-B72D-47B6-A68D-7590B98EB39B}
		{6719FAA9-F371-4F58-A003-807B67698471} = {827E0CD3-B72D-47B6-A68D-7590B98EB39B}
		{4CEE5319-8635-485E-8374-ADCCB6089EAB} = {0AB3BF05-4346-4AA6-1389-037BE0695223}
	EndGlobalSection
EndGlobal
